
Microsoft Visual Studio Solution File, Format Version 12.00
# Visual Studio Version 16
VisualStudioVersion = 16.0.32228.343
MinimumVisualStudioVersion = 10.0.40219.1
Project("{9A19103F-16F7-4668-BE54-9A1E7A4F7556}") = "CarTask", "ConsoleApp7\CarTask.csproj", "{D4297B4B-48FC-4157-AC74-F18868234ABB}"
EndProject
Global
	GlobalSection(SolutionConfigurationPlatforms) = preSolution
		Debug|Any CPU = Debug|Any CPU
		Release|Any CPU = Release|Any CPU
	EndGlobalSection
	GlobalSection(ProjectConfigurationPlatforms) = postSolution
		{D4297B4B-48FC-4157-AC74-F18868234ABB}.Debug|Any CPU.ActiveCfg = Debug|Any CPU
		{D4297B4B-48FC-4157-AC74-F18868234ABB}.Debug|Any CPU.Build.0 = Debug|Any CPU
		{D4297B4B-48FC-4157-AC74-F18868234ABB}.Release|Any CPU.ActiveCfg = Release|Any CPU
		{D4297B4B-48FC-4157-AC74-F18868234ABB}.Release|Any CPU.Build.0 = Release|Any CPU
	EndGlobalSection
	GlobalSection(SolutionProperties) = preSolution
		HideSolutionNode = FALSE
	EndGlobalSection
	GlobalSection(ExtensibilityGlobals) = postSolution
		SolutionGuid = {10921020-364F-4CDF-9236-2FBB601DD49B}
	EndGlobalSection
EndGlobal
